
Microsoft Visual Studio Solution File, Format Version 12.00
# Visual Studio Version 17
VisualStudioVersion = 17.14.36301.6
MinimumVisualStudioVersion = 10.0.40219.1
Project("{FAE04EC0-301F-11D3-BF4B-00C04F79EFBC}") = "ElectricBusinessCard", "ElectricBusinessCard\ElectricBusinessCard.csproj", "{58CD37BA-F181-4D2B-8D65-E03BA159CCAF}"
EndProject
Global
	GlobalSection(SolutionConfigurationPlatforms) = preSolution
		Debug|Any CPU = Debug|Any CPU
		Release|Any CPU = Release|Any CPU
	EndGlobalSection
	GlobalSection(ProjectConfigurationPlatforms) = postSolution
		{58CD37BA-F181-4D2B-8D65-E03BA159CCAF}.Debug|Any CPU.ActiveCfg = Debug|Any CPU
		{58CD37BA-F181-4D2B-8D65-E03BA159CCAF}.Debug|Any CPU.Build.0 = Debug|Any CPU
		{58CD37BA-F181-4D2B-8D65-E03BA159CCAF}.Release|Any CPU.ActiveCfg = Release|Any CPU
		{58CD37BA-F181-4D2B-8D65-E03BA159CCAF}.Release|Any CPU.Build.0 = Release|Any CPU
	EndGlobalSection
	GlobalSection(SolutionProperties) = preSolution
		HideSolutionNode = FALSE
	EndGlobalSection
	GlobalSection(ExtensibilityGlobals) = postSolution
		SolutionGuid = {10DF2188-7DB1-449E-AF11-05414ABC2C18}
	EndGlobalSection
EndGlobal
